
Microsoft Visual Studio Solution File, Format Version 12.00
# Visual Studio Version 17
VisualStudioVersion = 17.8.34511.84
MinimumVisualStudioVersion = 10.0.40219.1
Project("{FAE04EC0-301F-11D3-BF4B-00C04F79EFBC}") = "Group15_iCLOTHINGApp", "Group15_iCLOTHINGApp\Group15_iCLOTHINGApp.csproj", "{3A1C1911-EAB9-4BBA-AF1A-DB97E581BD1A}"
EndProject
Global
	GlobalSection(SolutionConfigurationPlatforms) = preSolution
		Debug|Any CPU = Debug|Any CPU
		Release|Any CPU = Release|Any CPU
	EndGlobalSection
	GlobalSection(ProjectConfigurationPlatforms) = postSolution
		{3A1C1911-EAB9-4BBA-AF1A-DB97E581BD1A}.Debug|Any CPU.ActiveCfg = Debug|Any CPU
		{3A1C1911-EAB9-4BBA-AF1A-DB97E581BD1A}.Debug|Any CPU.Build.0 = Debug|Any CPU
		{3A1C1911-EAB9-4BBA-AF1A-DB97E581BD1A}.Release|Any CPU.ActiveCfg = Release|Any CPU
		{3A1C1911-EAB9-4BBA-AF1A-DB97E581BD1A}.Release|Any CPU.Build.0 = Release|Any CPU
	EndGlobalSection
	GlobalSection(SolutionProperties) = preSolution
		HideSolutionNode = FALSE
	EndGlobalSection
	GlobalSection(ExtensibilityGlobals) = postSolution
		SolutionGuid = {39CB9214-E960-4C65-A620-B47E12679762}
	EndGlobalSection
EndGlobal
